
Microsoft Visual Studio Solution File, Format Version 12.00
# Visual Studio Version 17
VisualStudioVersion = 17.3.32825.248
MinimumVisualStudioVersion = 10.0.40219.1
Project("{9A19103F-16F7-4668-BE54-9A1E7A4F7556}") = "NLayer.Core", "NLayer.Core\NLayer.Core.csproj", "{AE100350-F56A-4685-9523-EEFCF60E1ED4}"
EndProject
Project("{9A19103F-16F7-4668-BE54-9A1E7A4F7556}") = "NLayer.Repository", "MLayer.Repository\NLayer.Repository.csproj", "{6AB0B0AA-BAB6-4358-B4D3-BA42E9662C86}"
EndProject
Project("{9A19103F-16F7-4668-BE54-9A1E7A4F7556}") = "NLayer.Service", "NLayer.Service\NLayer.Service.csproj", "{82FA6F94-3042-427C-B43D-144366C3DAFA}"
EndProject
Project("{9A19103F-16F7-4668-BE54-9A1E7A4F7556}") = "NLayer.API", "NLayer.API\NLayer.API.csproj", "{2C54222D-AC3F-47BA-83EB-62D7E0682D8D}"
EndProject
Global
	GlobalSection(SolutionConfigurationPlatforms) = preSolution
		Debug|Any CPU = Debug|Any CPU
		Release|Any CPU = Release|Any CPU
	EndGlobalSection
	GlobalSection(ProjectConfigurationPlatforms) = postSolution
		{AE100350-F56A-4685-9523-EEFCF60E1ED4}.Debug|Any CPU.ActiveCfg = Debug|Any CPU
		{AE100350-F56A-4685-9523-EEFCF60E1ED4}.Debug|Any CPU.Build.0 = Debug|Any CPU
		{AE100350-F56A-4685-9523-EEFCF60E1ED4}.Release|Any CPU.ActiveCfg = Release|Any CPU
		{AE100350-F56A-4685-9523-EEFCF60E1ED4}.Release|Any CPU.Build.0 = Release|Any CPU
		{6AB0B0AA-BAB6-4358-B4D3-BA42E9662C86}.Debug|Any CPU.ActiveCfg = Debug|Any CPU
		{6AB0B0AA-BAB6-4358-B4D3-BA42E9662C86}.Debug|Any CPU.Build.0 = Debug|Any CPU
		{6AB0B0AA-BAB6-4358-B4D3-BA42E9662C86}.Release|Any CPU.ActiveCfg = Release|Any CPU
		{6AB0B0AA-BAB6-4358-B4D3-BA42E9662C86}.Release|Any CPU.Build.0 = Release|Any CPU
		{82FA6F94-3042-427C-B43D-144366C3DAFA}.Debug|Any CPU.ActiveCfg = Debug|Any CPU
		{82FA6F94-3042-427C-B43D-144366C3DAFA}.Debug|Any CPU.Build.0 = Debug|Any CPU
		{82FA6F94-3042-427C-B43D-144366C3DAFA}.Release|Any CPU.ActiveCfg = Release|Any CPU
		{82FA6F94-3042-427C-B43D-144366C3DAFA}.Release|Any CPU.Build.0 = Release|Any CPU
		{2C54222D-AC3F-47BA-83EB-62D7E0682D8D}.Debug|Any CPU.ActiveCfg = Debug|Any CPU
		{2C54222D-AC3F-47BA-83EB-62D7E0682D8D}.Debug|Any CPU.Build.0 = Debug|Any CPU
		{2C54222D-AC3F-47BA-83EB-62D7E0682D8D}.Release|Any CPU.ActiveCfg = Release|Any CPU
		{2C54222D-AC3F-47BA-83EB-62D7E0682D8D}.Release|Any CPU.Build.0 = Release|Any CPU
	EndGlobalSection
	GlobalSection(SolutionProperties) = preSolution
		HideSolutionNode = FALSE
	EndGlobalSection
	GlobalSection(ExtensibilityGlobals) = postSolution
		SolutionGuid = {595F20F4-5041-4C22-8320-B1CB78BDCFCE}
	EndGlobalSection
EndGlobal
